
Microsoft Visual Studio Solution File, Format Version 12.00
# Visual Studio Version 17
VisualStudioVersion = 17.14.36414.22 d17.14
MinimumVisualStudioVersion = 10.0.40219.1
Project("{FAE04EC0-301F-11D3-BF4B-00C04F79EFBC}") = "工具箱", "工具箱.csproj", "{42920F60-1FF5-4386-802E-FF43D0DA484F}"
EndProject
Global
	GlobalSection(SolutionConfigurationPlatforms) = preSolution
		Debug|Any CPU = Debug|Any CPU
		Release|Any CPU = Release|Any CPU
	EndGlobalSection
	GlobalSection(ProjectConfigurationPlatforms) = postSolution
		{42920F60-1FF5-4386-802E-FF43D0DA484F}.Debug|Any CPU.ActiveCfg = Debug|Any CPU
		{42920F60-1FF5-4386-802E-FF43D0DA484F}.Debug|Any CPU.Build.0 = Debug|Any CPU
		{42920F60-1FF5-4386-802E-FF43D0DA484F}.Release|Any CPU.ActiveCfg = Release|Any CPU
		{42920F60-1FF5-4386-802E-FF43D0DA484F}.Release|Any CPU.Build.0 = Release|Any CPU
	EndGlobalSection
	GlobalSection(SolutionProperties) = preSolution
		HideSolutionNode = FALSE
	EndGlobalSection
	GlobalSection(ExtensibilityGlobals) = postSolution
		SolutionGuid = {63896738-386F-4D25-8F05-AD6AE36455C6}
	EndGlobalSection
EndGlobal
